{
  "requires": true,
  "lockfileVersion": 1,
  "dependencies": {
    "react-color-palette": {
      "version": "7.1.0",
      "resolved": "https://registry.npmjs.org/react-color-palette/-/react-color-palette-7.1.0.tgz",
      "integrity": "sha512-F5jMWOWh7FMkgm7aJfwNr5+TatvGKvQatuaDtw8trSU4yKk0bzcxOC7HFYVRs/9qEJ8kvatjWaUUrcQATYSXhw=="
    }
  }
}
